
Microsoft Visual Studio Solution File, Format Version 12.00
# Visual Studio Version 17
VisualStudioVersion = 17.14.36623.8
MinimumVisualStudioVersion = 10.0.40219.1
Project("{FAE04EC0-301F-11D3-BF4B-00C04F79EFBC}") = "Elearning.Api", "Elearning.Api\Elearning.Api.csproj", "{507570AB-1426-4552-8284-96169C3DCB3D}"
EndProject
Project("{FAE04EC0-301F-11D3-BF4B-00C04F79EFBC}") = "Elearning.Blazor", "Elearning.Blazor\Elearning.Blazor.csproj", "{0E8BF91D-2B03-4804-9667-D807AF420928}"
EndProject
Global
	GlobalSection(SolutionConfigurationPlatforms) = preSolution
		Debug|Any CPU = Debug|Any CPU
		Release|Any CPU = Release|Any CPU
	EndGlobalSection
	GlobalSection(ProjectConfigurationPlatforms) = postSolution
		{507570AB-1426-4552-8284-96169C3DCB3D}.Debug|Any CPU.ActiveCfg = Debug|Any CPU
		{507570AB-1426-4552-8284-96169C3DCB3D}.Debug|Any CPU.Build.0 = Debug|Any CPU
		{507570AB-1426-4552-8284-96169C3DCB3D}.Release|Any CPU.ActiveCfg = Release|Any CPU
		{507570AB-1426-4552-8284-96169C3DCB3D}.Release|Any CPU.Build.0 = Release|Any CPU
		{0E8BF91D-2B03-4804-9667-D807AF420928}.Debug|Any CPU.ActiveCfg = Debug|Any CPU
		{0E8BF91D-2B03-4804-9667-D807AF420928}.Debug|Any CPU.Build.0 = Debug|Any CPU
		{0E8BF91D-2B03-4804-9667-D807AF420928}.Release|Any CPU.ActiveCfg = Release|Any CPU
		{0E8BF91D-2B03-4804-9667-D807AF420928}.Release|Any CPU.Build.0 = Release|Any CPU
	EndGlobalSection
	GlobalSection(SolutionProperties) = preSolution
		HideSolutionNode = FALSE
	EndGlobalSection
	GlobalSection(ExtensibilityGlobals) = postSolution
		SolutionGuid = {4C2767A4-50FA-4AF6-9360-0C56508B6518}
	EndGlobalSection
EndGlobal
